
Microsoft Visual Studio Solution File, Format Version 12.00
# Visual Studio 15
VisualStudioVersion = 15.0.28307.1000
MinimumVisualStudioVersion = 10.0.40219.1
Project("{8BC9CEB8-8B4A-11D0-8D11-00A0C91BC942}") = "Quiz1", "Quiz1\Quiz1.vcxproj", "{CE486902-B724-413B-9DF2-6CAF6873C08B}"
EndProject
Global
	GlobalSection(SolutionConfigurationPlatforms) = preSolution
		Debug|x64 = Debug|x64
		Debug|x86 = Debug|x86
		Release|x64 = Release|x64
		Release|x86 = Release|x86
	EndGlobalSection
	GlobalSection(ProjectConfigurationPlatforms) = postSolution
		{CE486902-B724-413B-9DF2-6CAF6873C08B}.Debug|x64.ActiveCfg = Debug|x64
		{CE486902-B724-413B-9DF2-6CAF6873C08B}.Debug|x64.Build.0 = Debug|x64
		{CE486902-B724-413B-9DF2-6CAF6873C08B}.Debug|x86.ActiveCfg = Debug|Win32
		{CE486902-B724-413B-9DF2-6CAF6873C08B}.Debug|x86.Build.0 = Debug|Win32
		{CE486902-B724-413B-9DF2-6CAF6873C08B}.Release|x64.ActiveCfg = Release|x64
		{CE486902-B724-413B-9DF2-6CAF6873C08B}.Release|x64.Build.0 = Release|x64
		{CE486902-B724-413B-9DF2-6CAF6873C08B}.Release|x86.ActiveCfg = Release|Win32
		{CE486902-B724-413B-9DF2-6CAF6873C08B}.Release|x86.Build.0 = Release|Win32
	EndGlobalSection
	GlobalSection(SolutionProperties) = preSolution
		HideSolutionNode = FALSE
	EndGlobalSection
	GlobalSection(ExtensibilityGlobals) = postSolution
		SolutionGuid = {8D66E689-A6F0-41B7-A45D-6C05B9F69F20}
	EndGlobalSection
EndGlobal
